// !$*UTF8*$!
{
	archiveVersion = 1;
	classes = {
	};
	objectVersion = 46;
	objects = {

/* Begin PBXBuildFile section */
		26248C3E8C587C4D6F745F43 /* Pods_DDMusicFMTests.framework in Frameworks */ = {isa = PBXBuildFile; fileRef = EF6E06861EF78BC1A3A705B6 /* Pods_DDMusicFMTests.framework */; };
		31F2ADA33955D5671D1104A7 /* Pods_DDMusicFMUITests.framework in Frameworks */ = {isa = PBXBuildFile; fileRef = DFC90D33F954755C5FB1F171 /* Pods_DDMusicFMUITests.framework */; };
		6204AE311F559E7800E99E52 /* LaunchScreen.storyboard in Resources */ = {isa = PBXBuildFile; fileRef = 6204AE2F1F559E7800E99E52 /* LaunchScreen.storyboard */; };
		6204AE3C1F559E7900E99E52 /* DDMusicFMTests.swift in Sources */ = {isa = PBXBuildFile; fileRef = 6204AE3B1F559E7900E99E52 /* DDMusicFMTests.swift */; };
		6204AE471F559E7900E99E52 /* DDMusicFMUITests.swift in Sources */ = {isa = PBXBuildFile; fileRef = 6204AE461F559E7900E99E52 /* DDMusicFMUITests.swift */; };
		6204AE651F559F1400E99E52 /* AppDelegate.swift in Sources */ = {isa = PBXBuildFile; fileRef = 6204AE641F559F1400E99E52 /* AppDelegate.swift */; };
		6204AE671F559F3B00E99E52 /* Assets.xcassets in Resources */ = {isa = PBXBuildFile; fileRef = 6204AE661F559F3B00E99E52 /* Assets.xcassets */; };
		6204AE691F559F5300E99E52 /* Info.plist in Resources */ = {isa = PBXBuildFile; fileRef = 6204AE681F559F5300E99E52 /* Info.plist */; };
		6204AE751F55AC5900E99E52 /* DDTabBarController.swift in Sources */ = {isa = PBXBuildFile; fileRef = 6204AE741F55AC5900E99E52 /* DDTabBarController.swift */; };
		6204AE781F55AC7C00E99E52 /* DDNavigationController.swift in Sources */ = {isa = PBXBuildFile; fileRef = 6204AE771F55AC7C00E99E52 /* DDNavigationController.swift */; };
		6204AE7F1F55ACE700E99E52 /* DDBaseViewController.swift in Sources */ = {isa = PBXBuildFile; fileRef = 6204AE7E1F55ACE700E99E52 /* DDBaseViewController.swift */; };
		6204AE821F55AD4400E99E52 /* DDBasePlayView.swift in Sources */ = {isa = PBXBuildFile; fileRef = 6204AE811F55AD4400E99E52 /* DDBasePlayView.swift */; };
		6204AE861F55ADEB00E99E52 /* DDPlayViewController.swift in Sources */ = {isa = PBXBuildFile; fileRef = 6204AE851F55ADEB00E99E52 /* DDPlayViewController.swift */; };
		CDB7A58C1323B6D83591A1C4 /* Pods_DDMusicFM.framework in Frameworks */ = {isa = PBXBuildFile; fileRef = ECD68DD67BF93C84B99B4479 /* Pods_DDMusicFM.framework */; };
/* End PBXBuildFile section */

/* Begin PBXContainerItemProxy section */
		6204AE381F559E7900E99E52 /* PBXContainerItemProxy */ = {
			isa = PBXContainerItemProxy;
			containerPortal = 6204AE1B1F559E7800E99E52 /* Project object */;
			proxyType = 1;
			remoteGlobalIDString = 6204AE221F559E7800E99E52;
			remoteInfo = DDMusicFM;
		};
		6204AE431F559E7900E99E52 /* PBXContainerItemProxy */ = {
			isa = PBXContainerItemProxy;
			containerPortal = 6204AE1B1F559E7800E99E52 /* Project object */;
			proxyType = 1;
			remoteGlobalIDString = 6204AE221F559E7800E99E52;
			remoteInfo = DDMusicFM;
		};
/* End PBXContainerItemProxy section */

/* Begin PBXFileReference section */
		299A8955BF4C19E2CABDC4C4 /* Pods-DDMusicFMTests.debug.xcconfig */ = {isa = PBXFileReference; includeInIndex = 1; lastKnownFileType = text.xcconfig; name = "Pods-DDMusicFMTests.debug.xcconfig"; path = "Pods/Target Support Files/Pods-DDMusicFMTests/Pods-DDMusicFMTests.debug.xcconfig"; sourceTree = "<group>"; };
		3AF912306A051A0A70BF6C2A /* Pods-DDMusicFMUITests.debug.xcconfig */ = {isa = PBXFileReference; includeInIndex = 1; lastKnownFileType = text.xcconfig; name = "Pods-DDMusicFMUITests.debug.xcconfig"; path = "Pods/Target Support Files/Pods-DDMusicFMUITests/Pods-DDMusicFMUITests.debug.xcconfig"; sourceTree = "<group>"; };
		4E73FFBCBC5B0C053847F890 /* Pods-DDMusicFM.release.xcconfig */ = {isa = PBXFileReference; includeInIndex = 1; lastKnownFileType = text.xcconfig; name = "Pods-DDMusicFM.release.xcconfig"; path = "Pods/Target Support Files/Pods-DDMusicFM/Pods-DDMusicFM.release.xcconfig"; sourceTree = "<group>"; };
		6204AE231F559E7800E99E52 /* DDMusicFM.app */ = {isa = PBXFileReference; explicitFileType = wrapper.application; includeInIndex = 0; path = DDMusicFM.app; sourceTree = BUILT_PRODUCTS_DIR; };
		6204AE301F559E7800E99E52 /* Base */ = {isa = PBXFileReference; lastKnownFileType = file.storyboard; name = Base; path = Base.lproj/LaunchScreen.storyboard; sourceTree = "<group>"; };
		6204AE371F559E7900E99E52 /* DDMusicFMTests.xctest */ = {isa = PBXFileReference; explicitFileType = wrapper.cfbundle; includeInIndex = 0; path = DDMusicFMTests.xctest; sourceTree = BUILT_PRODUCTS_DIR; };
		6204AE3B1F559E7900E99E52 /* DDMusicFMTests.swift */ = {isa = PBXFileReference; lastKnownFileType = sourcecode.swift; path = DDMusicFMTests.swift; sourceTree = "<group>"; };
		6204AE3D1F559E7900E99E52 /* Info.plist */ = {isa = PBXFileReference; lastKnownFileType = text.plist.xml; path = Info.plist; sourceTree = "<group>"; };
		6204AE421F559E7900E99E52 /* DDMusicFMUITests.xctest */ = {isa = PBXFileReference; explicitFileType = wrapper.cfbundle; includeInIndex = 0; path = DDMusicFMUITests.xctest; sourceTree = BUILT_PRODUCTS_DIR; };
		6204AE461F559E7900E99E52 /* DDMusicFMUITests.swift */ = {isa = PBXFileReference; lastKnownFileType = sourcecode.swift; path = DDMusicFMUITests.swift; sourceTree = "<group>"; };
		6204AE481F559E7900E99E52 /* Info.plist */ = {isa = PBXFileReference; lastKnownFileType = text.plist.xml; path = Info.plist; sourceTree = "<group>"; };
		6204AE641F559F1400E99E52 /* AppDelegate.swift */ = {isa = PBXFileReference; fileEncoding = 4; lastKnownFileType = sourcecode.swift; path = AppDelegate.swift; sourceTree = "<group>"; };
		6204AE661F559F3B00E99E52 /* Assets.xcassets */ = {isa = PBXFileReference; lastKnownFileType = folder.assetcatalog; path = Assets.xcassets; sourceTree = "<group>"; };
		6204AE681F559F5300E99E52 /* Info.plist */ = {isa = PBXFileReference; fileEncoding = 4; lastKnownFileType = text.plist.xml; path = Info.plist; sourceTree = "<group>"; };
		6204AE711F55A8F700E99E52 /* DDBridge.h */ = {isa = PBXFileReference; lastKnownFileType = sourcecode.c.h; path = DDBridge.h; sourceTree = "<group>"; };
		6204AE741F55AC5900E99E52 /* DDTabBarController.swift */ = {isa = PBXFileReference; fileEncoding = 4; lastKnownFileType = sourcecode.swift; path = DDTabBarController.swift; sourceTree = "<group>"; };
		6204AE771F55AC7C00E99E52 /* DDNavigationController.swift */ = {isa = PBXFileReference; fileEncoding = 4; lastKnownFileType = sourcecode.swift; path = DDNavigationController.swift; sourceTree = "<group>"; };
		6204AE7E1F55ACE700E99E52 /* DDBaseViewController.swift */ = {isa = PBXFileReference; fileEncoding = 4; lastKnownFileType = sourcecode.swift; path = DDBaseViewController.swift; sourceTree = "<group>"; };
		6204AE811F55AD4400E99E52 /* DDBasePlayView.swift */ = {isa = PBXFileReference; fileEncoding = 4; lastKnownFileType = sourcecode.swift; path = DDBasePlayView.swift; sourceTree = "<group>"; };
		6204AE851F55ADEB00E99E52 /* DDPlayViewController.swift */ = {isa = PBXFileReference; fileEncoding = 4; lastKnownFileType = sourcecode.swift; path = DDPlayViewController.swift; sourceTree = "<group>"; };
		6B30338435F9B344522F63C5 /* Pods-DDMusicFMTests.release.xcconfig */ = {isa = PBXFileReference; includeInIndex = 1; lastKnownFileType = text.xcconfig; name = "Pods-DDMusicFMTests.release.xcconfig"; path = "Pods/Target Support Files/Pods-DDMusicFMTests/Pods-DDMusicFMTests.release.xcconfig"; sourceTree = "<group>"; };
		9FDB80CDCBBFE365D1DD6A8D /* Pods-DDMusicFMUITests.release.xcconfig */ = {isa = PBXFileReference; includeInIndex = 1; lastKnownFileType = text.xcconfig; name = "Pods-DDMusicFMUITests.release.xcconfig"; path = "Pods/Target Support Files/Pods-DDMusicFMUITests/Pods-DDMusicFMUITests.release.xcconfig"; sourceTree = "<group>"; };
		CB6F91B93C74A0E59D1A6BE0 /* Pods-DDMusicFM.debug.xcconfig */ = {isa = PBXFileReference; includeInIndex = 1; lastKnownFileType = text.xcconfig; name = "Pods-DDMusicFM.debug.xcconfig"; path = "Pods/Target Support Files/Pods-DDMusicFM/Pods-DDMusicFM.debug.xcconfig"; sourceTree = "<group>"; };
		DFC90D33F954755C5FB1F171 /* Pods_DDMusicFMUITests.framework */ = {isa = PBXFileReference; explicitFileType = wrapper.framework; includeInIndex = 0; path = Pods_DDMusicFMUITests.framework; sourceTree = BUILT_PRODUCTS_DIR; };
		ECD68DD67BF93C84B99B4479 /* Pods_DDMusicFM.framework */ = {isa = PBXFileReference; explicitFileType = wrapper.framework; includeInIndex = 0; path = Pods_DDMusicFM.framework; sourceTree = BUILT_PRODUCTS_DIR; };
		EF6E06861EF78BC1A3A705B6 /* Pods_DDMusicFMTests.framework */ = {isa = PBXFileReference; explicitFileType = wrapper.framework; includeInIndex = 0; path = Pods_DDMusicFMTests.framework; sourceTree = BUILT_PRODUCTS_DIR; };
/* End PBXFileReference section */

/* Begin PBXFrameworksBuildPhase section */
		6204AE201F559E7800E99E52 /* Frameworks */ = {
			isa = PBXFrameworksBuildPhase;
			buildActionMask = 2147483647;
			files = (
				CDB7A58C1323B6D83591A1C4 /* Pods_DDMusicFM.framework in Frameworks */,
			);
			runOnlyForDeploymentPostprocessing = 0;
		};
		6204AE341F559E7900E99E52 /* Frameworks */ = {
			isa = PBXFrameworksBuildPhase;
			buildActionMask = 2147483647;
			files = (
				26248C3E8C587C4D6F745F43 /* Pods_DDMusicFMTests.framework in Frameworks */,
			);
			runOnlyForDeploymentPostprocessing = 0;
		};
		6204AE3F1F559E7900E99E52 /* Frameworks */ = {
			isa = PBXFrameworksBuildPhase;
			buildActionMask = 2147483647;
			files = (
				31F2ADA33955D5671D1104A7 /* Pods_DDMusicFMUITests.framework in Frameworks */,
			);
			runOnlyForDeploymentPostprocessing = 0;
		};
/* End PBXFrameworksBuildPhase section */

/* Begin PBXGroup section */
		11018CE22FE895126225BC65 /* Frameworks */ = {
			isa = PBXGroup;
			children = (
				ECD68DD67BF93C84B99B4479 /* Pods_DDMusicFM.framework */,
				EF6E06861EF78BC1A3A705B6 /* Pods_DDMusicFMTests.framework */,
				DFC90D33F954755C5FB1F171 /* Pods_DDMusicFMUITests.framework */,
			);
			name = Frameworks;
			sourceTree = "<group>";
		};
		6204AE1A1F559E7800E99E52 = {
			isa = PBXGroup;
			children = (
				6204AE251F559E7800E99E52 /* DDMusicFM */,
				6204AE3A1F559E7900E99E52 /* DDMusicFMTests */,
				6204AE451F559E7900E99E52 /* DDMusicFMUITests */,
				6204AE241F559E7800E99E52 /* Products */,
				F03D791671EB656137DB360E /* Pods */,
				11018CE22FE895126225BC65 /* Frameworks */,
			);
			sourceTree = "<group>";
		};
		6204AE241F559E7800E99E52 /* Products */ = {
			isa = PBXGroup;
			children = (
				6204AE231F559E7800E99E52 /* DDMusicFM.app */,
				6204AE371F559E7900E99E52 /* DDMusicFMTests.xctest */,
				6204AE421F559E7900E99E52 /* DDMusicFMUITests.xctest */,
			);
			name = Products;
			sourceTree = "<group>";
		};
		6204AE251F559E7800E99E52 /* DDMusicFM */ = {
			isa = PBXGroup;
			children = (
				6204AE831F55AD5C00E99E52 /* DDPlaySection */,
				6204AE7C1F55ACE700E99E52 /* DDBaseController */,
				6204AE6C1F55A0C900E99E52 /* DDTabBarController */,
				6204AE6B1F559FC300E99E52 /* DDNavigationController */,
				6204AE541F559E8C00E99E52 /* AppDelegate */,
			);
			path = DDMusicFM;
			sourceTree = "<group>";
		};
		6204AE3A1F559E7900E99E52 /* DDMusicFMTests */ = {
			isa = PBXGroup;
			children = (
				6204AE3B1F559E7900E99E52 /* DDMusicFMTests.swift */,
				6204AE3D1F559E7900E99E52 /* Info.plist */,
			);
			path = DDMusicFMTests;
			sourceTree = "<group>";
		};
		6204AE451F559E7900E99E52 /* DDMusicFMUITests */ = {
			isa = PBXGroup;
			children = (
				6204AE461F559E7900E99E52 /* DDMusicFMUITests.swift */,
				6204AE481F559E7900E99E52 /* Info.plist */,
			);
			path = DDMusicFMUITests;
			sourceTree = "<group>";
		};
		6204AE541F559E8C00E99E52 /* AppDelegate */ = {
			isa = PBXGroup;
			children = (
				6204AE661F559F3B00E99E52 /* Assets.xcassets */,
				6204AE641F559F1400E99E52 /* AppDelegate.swift */,
				6204AE681F559F5300E99E52 /* Info.plist */,
				6204AE2F1F559E7800E99E52 /* LaunchScreen.storyboard */,
				6204AE711F55A8F700E99E52 /* DDBridge.h */,
			);
			path = AppDelegate;
			sourceTree = "<group>";
		};
		6204AE6B1F559FC300E99E52 /* DDNavigationController */ = {
			isa = PBXGroup;
			children = (
				6204AE761F55AC6000E99E52 /* Controller */,
			);
			path = DDNavigationController;
			sourceTree = "<group>";
		};
		6204AE6C1F55A0C900E99E52 /* DDTabBarController */ = {
			isa = PBXGroup;
			children = (
				6204AE731F55AC3200E99E52 /* Controller */,
			);
			path = DDTabBarController;
			sourceTree = "<group>";
		};
		6204AE731F55AC3200E99E52 /* Controller */ = {
			isa = PBXGroup;
			children = (
				6204AE741F55AC5900E99E52 /* DDTabBarController.swift */,
			);
			path = Controller;
			sourceTree = "<group>";
		};
		6204AE761F55AC6000E99E52 /* Controller */ = {
			isa = PBXGroup;
			children = (
				6204AE771F55AC7C00E99E52 /* DDNavigationController.swift */,
			);
			path = Controller;
			sourceTree = "<group>";
		};
		6204AE7C1F55ACE700E99E52 /* DDBaseController */ = {
			isa = PBXGroup;
			children = (
				6204AE801F55AD0E00E99E52 /* View */,
				6204AE7D1F55ACE700E99E52 /* Controller */,
			);
			path = DDBaseController;
			sourceTree = "<group>";
		};
		6204AE7D1F55ACE700E99E52 /* Controller */ = {
			isa = PBXGroup;
			children = (
				6204AE7E1F55ACE700E99E52 /* DDBaseViewController.swift */,
			);
			path = Controller;
			sourceTree = "<group>";
		};
		6204AE801F55AD0E00E99E52 /* View */ = {
			isa = PBXGroup;
			children = (
				6204AE811F55AD4400E99E52 /* DDBasePlayView.swift */,
			);
			path = View;
			sourceTree = "<group>";
		};
		6204AE831F55AD5C00E99E52 /* DDPlaySection */ = {
			isa = PBXGroup;
			children = (
				6204AE841F55AD8100E99E52 /* Controller */,
			);
			path = DDPlaySection;
			sourceTree = "<group>";
		};
		6204AE841F55AD8100E99E52 /* Controller */ = {
			isa = PBXGroup;
			children = (
				6204AE851F55ADEB00E99E52 /* DDPlayViewController.swift */,
			);
			path = Controller;
			sourceTree = "<group>";
		};
		F03D791671EB656137DB360E /* Pods */ = {
			isa = PBXGroup;
			children = (
				CB6F91B93C74A0E59D1A6BE0 /* Pods-DDMusicFM.debug.xcconfig */,
				4E73FFBCBC5B0C053847F890 /* Pods-DDMusicFM.release.xcconfig */,
				299A8955BF4C19E2CABDC4C4 /* Pods-DDMusicFMTests.debug.xcconfig */,
				6B30338435F9B344522F63C5 /* Pods-DDMusicFMTests.release.xcconfig */,
				3AF912306A051A0A70BF6C2A /* Pods-DDMusicFMUITests.debug.xcconfig */,
				9FDB80CDCBBFE365D1DD6A8D /* Pods-DDMusicFMUITests.release.xcconfig */,
			);
			name = Pods;
			sourceTree = "<group>";
		};
/* End PBXGroup section */

/* Begin PBXNativeTarget section */
		6204AE221F559E7800E99E52 /* DDMusicFM */ = {
			isa = PBXNativeTarget;
			buildConfigurationList = 6204AE4B1F559E7900E99E52 /* Build configuration list for PBXNativeTarget "DDMusicFM" */;
			buildPhases = (
				0CBEAFBFFF3C1F9017C73C00 /* [CP] Check Pods Manifest.lock */,
				6204AE1F1F559E7800E99E52 /* Sources */,
				6204AE201F559E7800E99E52 /* Frameworks */,
				6204AE211F559E7800E99E52 /* Resources */,
				3E5C1637C8FCB5CAB83BA2F2 /* [CP] Embed Pods Frameworks */,
				B4F48A15DB79CA8FAB1874F0 /* [CP] Copy Pods Resources */,
			);
			buildRules = (
			);
			dependencies = (
			);
			name = DDMusicFM;
			productName = DDMusicFM;
			productReference = 6204AE231F559E7800E99E52 /* DDMusicFM.app */;
			productType = "com.apple.product-type.application";
		};
		6204AE361F559E7900E99E52 /* DDMusicFMTests */ = {
			isa = PBXNativeTarget;
			buildConfigurationList = 6204AE4E1F559E7900E99E52 /* Build configuration list for PBXNativeTarget "DDMusicFMTests" */;
			buildPhases = (
				1E46E2AB41C7830B89EC645F /* [CP] Check Pods Manifest.lock */,
				6204AE331F559E7900E99E52 /* Sources */,
				6204AE341F559E7900E99E52 /* Frameworks */,
				6204AE351F559E7900E99E52 /* Resources */,
				FE8DE8335450CF930FEB44BD /* [CP] Embed Pods Frameworks */,
				B0F858D4C257F6CAC2302F1F /* [CP] Copy Pods Resources */,
			);
			buildRules = (
			);
			dependencies = (
				6204AE391F559E7900E99E52 /* PBXTargetDependency */,
			);
			name = DDMusicFMTests;
			productName = DDMusicFMTests;
			productReference = 6204AE371F559E7900E99E52 /* DDMusicFMTests.xctest */;
			productType = "com.apple.product-type.bundle.unit-test";
		};
		6204AE411F559E7900E99E52 /* DDMusicFMUITests */ = {
			isa = PBXNativeTarget;
			buildConfigurationList = 6204AE511F559E7900E99E52 /* Build configuration list for PBXNativeTarget "DDMusicFMUITests" */;
			buildPhases = (
				F88EE92D91C7A8A31076FFB7 /* [CP] Check Pods Manifest.lock */,
				6204AE3E1F559E7900E99E52 /* Sources */,
				6204AE3F1F559E7900E99E52 /* Frameworks */,
				6204AE401F559E7900E99E52 /* Resources */,
				CACC83207C029522F1582C38 /* [CP] Embed Pods Frameworks */,
				49313B0E7019C2FD46B76CCA /* [CP] Copy Pods Resources */,
			);
			buildRules = (
			);
			dependencies = (
				6204AE441F559E7900E99E52 /* PBXTargetDependency */,
			);
			name = DDMusicFMUITests;
			productName = DDMusicFMUITests;
			productReference = 6204AE421F559E7900E99E52 /* DDMusicFMUITests.xctest */;
			productType = "com.apple.product-type.bundle.ui-testing";
		};
/* End PBXNativeTarget section */

/* Begin PBXProject section */
		6204AE1B1F559E7800E99E52 /* Project object */ = {
			isa = PBXProject;
			attributes = {
				CLASSPREFIX = DD;
				LastSwiftUpdateCheck = 0820;
				LastUpgradeCheck = 0820;
				ORGANIZATIONNAME = "王允顶";
				TargetAttributes = {
					6204AE221F559E7800E99E52 = {
						CreatedOnToolsVersion = 8.2.1;
						DevelopmentTeam = U2GMQZ26A8;
						ProvisioningStyle = Automatic;
					};
					6204AE361F559E7900E99E52 = {
						CreatedOnToolsVersion = 8.2.1;
						DevelopmentTeam = U2GMQZ26A8;
						ProvisioningStyle = Automatic;
						TestTargetID = 6204AE221F559E7800E99E52;
					};
					6204AE411F559E7900E99E52 = {
						CreatedOnToolsVersion = 8.2.1;
						DevelopmentTeam = U2GMQZ26A8;
						ProvisioningStyle = Automatic;
						TestTargetID = 6204AE221F559E7800E99E52;
					};
				};
			};
			buildConfigurationList = 6204AE1E1F559E7800E99E52 /* Build configuration list for PBXProject "DDMusicFM" */;
			compatibilityVersion = "Xcode 3.2";
			developmentRegion = English;
			hasScannedForEncodings = 0;
			knownRegions = (
				en,
				Base,
			);
			mainGroup = 6204AE1A1F559E7800E99E52;
			productRefGroup = 6204AE241F559E7800E99E52 /* Products */;
			projectDirPath = "";
			projectRoot = "";
			targets = (
				6204AE221F559E7800E99E52 /* DDMusicFM */,
				6204AE361F559E7900E99E52 /* DDMusicFMTests */,
				6204AE411F559E7900E99E52 /* DDMusicFMUITests */,
			);
		};
/* End PBXProject section */

/* Begin PBXResourcesBuildPhase section */
		6204AE211F559E7800E99E52 /* Resources */ = {
			isa = PBXResourcesBuildPhase;
			buildActionMask = 2147483647;
			files = (
				6204AE691F559F5300E99E52 /* Info.plist in Resources */,
				6204AE311F559E7800E99E52 /* LaunchScreen.storyboard in Resources */,
				6204AE671F559F3B00E99E52 /* Assets.xcassets in Resources */,
			);
			runOnlyForDeploymentPostprocessing = 0;
		};
		6204AE351F559E7900E99E52 /* Resources */ = {
			isa = PBXResourcesBuildPhase;
			buildActionMask = 2147483647;
			files = (
			);
			runOnlyForDeploymentPostprocessing = 0;
		};
		6204AE401F559E7900E99E52 /* Resources */ = {
			isa = PBXResourcesBuildPhase;
			buildActionMask = 2147483647;
			files = (
			);
			runOnlyForDeploymentPostprocessing = 0;
		};
/* End PBXResourcesBuildPhase section */

/* Begin PBXShellScriptBuildPhase section */
		0CBEAFBFFF3C1F9017C73C00 /* [CP] Check Pods Manifest.lock */ = {
			isa = PBXShellScriptBuildPhase;
			buildActionMask = 2147483647;
			files = (
			);
			inputPaths = (
			);
			name = "[CP] Check Pods Manifest.lock";
			outputPaths = (
			);
			runOnlyForDeploymentPostprocessing = 0;
			shellPath = /bin/sh;
			shellScript = "diff \"${PODS_ROOT}/../Podfile.lock\" \"${PODS_ROOT}/Manifest.lock\" > /dev/null\nif [ $? != 0 ] ; then\n    # print error to STDERR\n    echo \"error: The sandbox is not in sync with the Podfile.lock. Run 'pod install' or update your CocoaPods installation.\" >&2\n    exit 1\nfi\n";
			showEnvVarsInLog = 0;
		};
		1E46E2AB41C7830B89EC645F /* [CP] Check Pods Manifest.lock */ = {
			isa = PBXShellScriptBuildPhase;
			buildActionMask = 2147483647;
			files = (
			);
			inputPaths = (
			);
			name = "[CP] Check Pods Manifest.lock";
			outputPaths = (
			);
			runOnlyForDeploymentPostprocessing = 0;
			shellPath = /bin/sh;
			shellScript = "diff \"${PODS_ROOT}/../Podfile.lock\" \"${PODS_ROOT}/Manifest.lock\" > /dev/null\nif [ $? != 0 ] ; then\n    # print error to STDERR\n    echo \"error: The sandbox is not in sync with the Podfile.lock. Run 'pod install' or update your CocoaPods installation.\" >&2\n    exit 1\nfi\n";
			showEnvVarsInLog = 0;
		};
		3E5C1637C8FCB5CAB83BA2F2 /* [CP] Embed Pods Frameworks */ = {
			isa = PBXShellScriptBuildPhase;
			buildActionMask = 2147483647;
			files = (
			);
			inputPaths = (
			);
			name = "[CP] Embed Pods Frameworks";
			outputPaths = (
			);
			runOnlyForDeploymentPostprocessing = 0;
			shellPath = /bin/sh;
			shellScript = "\"${SRCROOT}/Pods/Target Support Files/Pods-DDMusicFM/Pods-DDMusicFM-frameworks.sh\"\n";
			showEnvVarsInLog = 0;
		};
		49313B0E7019C2FD46B76CCA /* [CP] Copy Pods Resources */ = {
			isa = PBXShellScriptBuildPhase;
			buildActionMask = 2147483647;
			files = (
			);
			inputPaths = (
			);
			name = "[CP] Copy Pods Resources";
			outputPaths = (
			);
			runOnlyForDeploymentPostprocessing = 0;
			shellPath = /bin/sh;
			shellScript = "\"${SRCROOT}/Pods/Target Support Files/Pods-DDMusicFMUITests/Pods-DDMusicFMUITests-resources.sh\"\n";
			showEnvVarsInLog = 0;
		};
		B0F858D4C257F6CAC2302F1F /* [CP] Copy Pods Resources */ = {
			isa = PBXShellScriptBuildPhase;
			buildActionMask = 2147483647;
			files = (
			);
			inputPaths = (
			);
			name = "[CP] Copy Pods Resources";
			outputPaths = (
			);
			runOnlyForDeploymentPostprocessing = 0;
			shellPath = /bin/sh;
			shellScript = "\"${SRCROOT}/Pods/Target Support Files/Pods-DDMusicFMTests/Pods-DDMusicFMTests-resources.sh\"\n";
			showEnvVarsInLog = 0;
		};
		B4F48A15DB79CA8FAB1874F0 /* [CP] Copy Pods Resources */ = {
			isa = PBXShellScriptBuildPhase;
			buildActionMask = 2147483647;
			files = (
			);
			inputPaths = (
			);
			name = "[CP] Copy Pods Resources";
			outputPaths = (
			);
			runOnlyForDeploymentPostprocessing = 0;
			shellPath = /bin/sh;
			shellScript = "\"${SRCROOT}/Pods/Target Support Files/Pods-DDMusicFM/Pods-DDMusicFM-resources.sh\"\n";
			showEnvVarsInLog = 0;
		};
		CACC83207C029522F1582C38 /* [CP] Embed Pods Frameworks */ = {
			isa = PBXShellScriptBuildPhase;
			buildActionMask = 2147483647;
			files = (
			);
			inputPaths = (
			);
			name = "[CP] Embed Pods Frameworks";
			outputPaths = (
			);
			runOnlyForDeploymentPostprocessing = 0;
			shellPath = /bin/sh;
			shellScript = "\"${SRCROOT}/Pods/Target Support Files/Pods-DDMusicFMUITests/Pods-DDMusicFMUITests-frameworks.sh\"\n";
			showEnvVarsInLog = 0;
		};
		F88EE92D91C7A8A31076FFB7 /* [CP] Check Pods Manifest.lock */ = {
			isa = PBXShellScriptBuildPhase;
			buildActionMask = 2147483647;
			files = (
			);
			inputPaths = (
			);
			name = "[CP] Check Pods Manifest.lock";
			outputPaths = (
			);
			runOnlyForDeploymentPostprocessing = 0;
			shellPath = /bin/sh;
			shellScript = "diff \"${PODS_ROOT}/../Podfile.lock\" \"${PODS_ROOT}/Manifest.lock\" > /dev/null\nif [ $? != 0 ] ; then\n    # print error to STDERR\n    echo \"error: The sandbox is not in sync with the Podfile.lock. Run 'pod install' or update your CocoaPods installation.\" >&2\n    exit 1\nfi\n";
			showEnvVarsInLog = 0;
		};
		FE8DE8335450CF930FEB44BD /* [CP] Embed Pods Frameworks */ = {
			isa = PBXShellScriptBuildPhase;
			buildActionMask = 2147483647;
			files = (
			);
			inputPaths = (
			);
			name = "[CP] Embed Pods Frameworks";
			outputPaths = (
			);
			runOnlyForDeploymentPostprocessing = 0;
			shellPath = /bin/sh;
			shellScript = "\"${SRCROOT}/Pods/Target Support Files/Pods-DDMusicFMTests/Pods-DDMusicFMTests-frameworks.sh\"\n";
			showEnvVarsInLog = 0;
		};
/* End PBXShellScriptBuildPhase section */

/* Begin PBXSourcesBuildPhase section */
		6204AE1F1F559E7800E99E52 /* Sources */ = {
			isa = PBXSourcesBuildPhase;
			buildActionMask = 2147483647;
			files = (
				6204AE651F559F1400E99E52 /* AppDelegate.swift in Sources */,
				6204AE751F55AC5900E99E52 /* DDTabBarController.swift in Sources */,
				6204AE821F55AD4400E99E52 /* DDBasePlayView.swift in Sources */,
				6204AE781F55AC7C00E99E52 /* DDNavigationController.swift in Sources */,
				6204AE861F55ADEB00E99E52 /* DDPlayViewController.swift in Sources */,
				6204AE7F1F55ACE700E99E52 /* DDBaseViewController.swift in Sources */,
			);
			runOnlyForDeploymentPostprocessing = 0;
		};
		6204AE331F559E7900E99E52 /* Sources */ = {
			isa = PBXSourcesBuildPhase;
			buildActionMask = 2147483647;
			files = (
				6204AE3C1F559E7900E99E52 /* DDMusicFMTests.swift in Sources */,
			);
			runOnlyForDeploymentPostprocessing = 0;
		};
		6204AE3E1F559E7900E99E52 /* Sources */ = {
			isa = PBXSourcesBuildPhase;
			buildActionMask = 2147483647;
			files = (
				6204AE471F559E7900E99E52 /* DDMusicFMUITests.swift in Sources */,
			);
			runOnlyForDeploymentPostprocessing = 0;
		};
/* End PBXSourcesBuildPhase section */

/* Begin PBXTargetDependency section */
		6204AE391F559E7900E99E52 /* PBXTargetDependency */ = {
			isa = PBXTargetDependency;
			target = 6204AE221F559E7800E99E52 /* DDMusicFM */;
			targetProxy = 6204AE381F559E7900E99E52 /* PBXContainerItemProxy */;
		};
		6204AE441F559E7900E99E52 /* PBXTargetDependency */ = {
			isa = PBXTargetDependency;
			target = 6204AE221F559E7800E99E52 /* DDMusicFM */;
			targetProxy = 6204AE431F559E7900E99E52 /* PBXContainerItemProxy */;
		};
/* End PBXTargetDependency section */

/* Begin PBXVariantGroup section */
		6204AE2F1F559E7800E99E52 /* LaunchScreen.storyboard */ = {
			isa = PBXVariantGroup;
			children = (
				6204AE301F559E7800E99E52 /* Base */,
			);
			name = LaunchScreen.storyboard;
			path = ..;
			sourceTree = "<group>";
		};
/* End PBXVariantGroup section */

/* Begin XCBuildConfiguration section */
		6204AE491F559E7900E99E52 /* Debug */ = {
			isa = XCBuildConfiguration;
			buildSettings = {
				ALWAYS_SEARCH_USER_PATHS = NO;
				CLANG_ANALYZER_NONNULL = YES;
				CLANG_CXX_LANGUAGE_STANDARD = "gnu++0x";
				CLANG_CXX_LIBRARY = "libc++";
				CLANG_ENABLE_MODULES = YES;
				CLANG_ENABLE_OBJC_ARC = YES;
				CLANG_WARN_BOOL_CONVERSION = YES;
				CLANG_WARN_CONSTANT_CONVERSION = YES;
				CLANG_WARN_DIRECT_OBJC_ISA_USAGE = YES_ERROR;
				CLANG_WARN_DOCUMENTATION_COMMENTS = YES;
				CLANG_WARN_EMPTY_BODY = YES;
				CLANG_WARN_ENUM_CONVERSION = YES;
				CLANG_WARN_INFINITE_RECURSION = YES;
				CLANG_WARN_INT_CONVERSION = YES;
				CLANG_WARN_OBJC_ROOT_CLASS = YES_ERROR;
				CLANG_WARN_SUSPICIOUS_MOVE = YES;
				CLANG_WARN_UNREACHABLE_CODE = YES;
				CLANG_WARN__DUPLICATE_METHOD_MATCH = YES;
				"CODE_SIGN_IDENTITY[sdk=iphoneos*]" = "iPhone Developer";
				COPY_PHASE_STRIP = NO;
				DEBUG_INFORMATION_FORMAT = dwarf;
				ENABLE_STRICT_OBJC_MSGSEND = YES;
				ENABLE_TESTABILITY = YES;
				GCC_C_LANGUAGE_STANDARD = gnu99;
				GCC_DYNAMIC_NO_PIC = NO;
				GCC_NO_COMMON_BLOCKS = YES;
				GCC_OPTIMIZATION_LEVEL = 0;
				GCC_PREPROCESSOR_DEFINITIONS = (
					"DEBUG=1",
					"$(inherited)",
				);
				GCC_WARN_64_TO_32_BIT_CONVERSION = YES;
				GCC_WARN_ABOUT_RETURN_TYPE = YES_ERROR;
				GCC_WARN_UNDECLARED_SELECTOR = YES;
				GCC_WARN_UNINITIALIZED_AUTOS = YES_AGGRESSIVE;
				GCC_WARN_UNUSED_FUNCTION = YES;
				GCC_WARN_UNUSED_VARIABLE = YES;
				IPHONEOS_DEPLOYMENT_TARGET = 10.2;
				MTL_ENABLE_DEBUG_INFO = YES;
				ONLY_ACTIVE_ARCH = YES;
				SDKROOT = iphoneos;
				SWIFT_ACTIVE_COMPILATION_CONDITIONS = DEBUG;
				SWIFT_OPTIMIZATION_LEVEL = "-Onone";
				TARGETED_DEVICE_FAMILY = "1,2";
			};
			name = Debug;
		};
		6204AE4A1F559E7900E99E52 /* Release */ = {
			isa = XCBuildConfiguration;
			buildSettings = {
				ALWAYS_SEARCH_USER_PATHS = NO;
				CLANG_ANALYZER_NONNULL = YES;
				CLANG_CXX_LANGUAGE_STANDARD = "gnu++0x";
				CLANG_CXX_LIBRARY = "libc++";
				CLANG_ENABLE_MODULES = YES;
				CLANG_ENABLE_OBJC_ARC = YES;
				CLANG_WARN_BOOL_CONVERSION = YES;
				CLANG_WARN_CONSTANT_CONVERSION = YES;
				CLANG_WARN_DIRECT_OBJC_ISA_USAGE = YES_ERROR;
				CLANG_WARN_DOCUMENTATION_COMMENTS = YES;
				CLANG_WARN_EMPTY_BODY = YES;
				CLANG_WARN_ENUM_CONVERSION = YES;
				CLANG_WARN_INFINITE_RECURSION = YES;
				CLANG_WARN_INT_CONVERSION = YES;
				CLANG_WARN_OBJC_ROOT_CLASS = YES_ERROR;
				CLANG_WARN_SUSPICIOUS_MOVE = YES;
				CLANG_WARN_UNREACHABLE_CODE = YES;
				CLANG_WARN__DUPLICATE_METHOD_MATCH = YES;
				"CODE_SIGN_IDENTITY[sdk=iphoneos*]" = "iPhone Developer";
				COPY_PHASE_STRIP = NO;
				DEBUG_INFORMATION_FORMAT = "dwarf-with-dsym";
				ENABLE_NS_ASSERTIONS = NO;
				ENABLE_STRICT_OBJC_MSGSEND = YES;
				GCC_C_LANGUAGE_STANDARD = gnu99;
				GCC_NO_COMMON_BLOCKS = YES;
				GCC_WARN_64_TO_32_BIT_CONVERSION = YES;
				GCC_WARN_ABOUT_RETURN_TYPE = YES_ERROR;
				GCC_WARN_UNDECLARED_SELECTOR = YES;
				GCC_WARN_UNINITIALIZED_AUTOS = YES_AGGRESSIVE;
				GCC_WARN_UNUSED_FUNCTION = YES;
				GCC_WARN_UNUSED_VARIABLE = YES;
				IPHONEOS_DEPLOYMENT_TARGET = 10.2;
				MTL_ENABLE_DEBUG_INFO = NO;
				SDKROOT = iphoneos;
				SWIFT_OPTIMIZATION_LEVEL = "-Owholemodule";
				TARGETED_DEVICE_FAMILY = "1,2";
				VALIDATE_PRODUCT = YES;
			};
			name = Release;
		};
		6204AE4C1F559E7900E99E52 /* Debug */ = {
			isa = XCBuildConfiguration;
			baseConfigurationReference = CB6F91B93C74A0E59D1A6BE0 /* Pods-DDMusicFM.debug.xcconfig */;
			buildSettings = {
				ASSETCATALOG_COMPILER_APPICON_NAME = AppIcon;
				DEVELOPMENT_TEAM = U2GMQZ26A8;
				INFOPLIST_FILE = "$(SRCROOT)/DDMusicFM/AppDelegate/Info.plist";
				IPHONEOS_DEPLOYMENT_TARGET = 9.0;
				LD_RUNPATH_SEARCH_PATHS = "$(inherited) @executable_path/Frameworks";
				PRODUCT_BUNDLE_IDENTIFIER = cn.wuyezhiguhun.DDSwift;
				PRODUCT_NAME = "$(TARGET_NAME)";
				SWIFT_OBJC_BRIDGING_HEADER = "$(SRCROOT)/DDMusicFM/AppDelegate/DDBridge.h";
				SWIFT_VERSION = 3.0;
			};
			name = Debug;
		};
		6204AE4D1F559E7900E99E52 /* Release */ = {
			isa = XCBuildConfiguration;
			baseConfigurationReference = 4E73FFBCBC5B0C053847F890 /* Pods-DDMusicFM.release.xcconfig */;
			buildSettings = {
				ASSETCATALOG_COMPILER_APPICON_NAME = AppIcon;
				DEVELOPMENT_TEAM = U2GMQZ26A8;
				INFOPLIST_FILE = "$(SRCROOT)/DDMusicFM/AppDelegate/Info.plist";
				IPHONEOS_DEPLOYMENT_TARGET = 9.0;
				LD_RUNPATH_SEARCH_PATHS = "$(inherited) @executable_path/Frameworks";
				PRODUCT_BUNDLE_IDENTIFIER = cn.wuyezhiguhun.DDSwift;
				PRODUCT_NAME = "$(TARGET_NAME)";
				SWIFT_OBJC_BRIDGING_HEADER = "$(SRCROOT)/DDMusicFM/AppDelegate/DDBridge.h";
				SWIFT_VERSION = 3.0;
			};
			name = Release;
		};
		6204AE4F1F559E7900E99E52 /* Debug */ = {
			isa = XCBuildConfiguration;
			baseConfigurationReference = 299A8955BF4C19E2CABDC4C4 /* Pods-DDMusicFMTests.debug.xcconfig */;
			buildSettings = {
				ALWAYS_EMBED_SWIFT_STANDARD_LIBRARIES = YES;
				BUNDLE_LOADER = "$(TEST_HOST)";
				DEVELOPMENT_TEAM = U2GMQZ26A8;
				INFOPLIST_FILE = DDMusicFMTests/Info.plist;
				LD_RUNPATH_SEARCH_PATHS = "$(inherited) @executable_path/Frameworks @loader_path/Frameworks";
				PRODUCT_BUNDLE_IDENTIFIER = com.wuyezhiguhun.DDMusicFMTests;
				PRODUCT_NAME = "$(TARGET_NAME)";
				SWIFT_VERSION = 3.0;
				TEST_HOST = "$(BUILT_PRODUCTS_DIR)/DDMusicFM.app/DDMusicFM";
			};
			name = Debug;
		};
		6204AE501F559E7900E99E52 /* Release */ = {
			isa = XCBuildConfiguration;
			baseConfigurationReference = 6B30338435F9B344522F63C5 /* Pods-DDMusicFMTests.release.xcconfig */;
			buildSettings = {
				ALWAYS_EMBED_SWIFT_STANDARD_LIBRARIES = YES;
				BUNDLE_LOADER = "$(TEST_HOST)";
				DEVELOPMENT_TEAM = U2GMQZ26A8;
				INFOPLIST_FILE = DDMusicFMTests/Info.plist;
				LD_RUNPATH_SEARCH_PATHS = "$(inherited) @executable_path/Frameworks @loader_path/Frameworks";
				PRODUCT_BUNDLE_IDENTIFIER = com.wuyezhiguhun.DDMusicFMTests;
				PRODUCT_NAME = "$(TARGET_NAME)";
				SWIFT_VERSION = 3.0;
				TEST_HOST = "$(BUILT_PRODUCTS_DIR)/DDMusicFM.app/DDMusicFM";
			};
			name = Release;
		};
		6204AE521F559E7900E99E52 /* Debug */ = {
			isa = XCBuildConfiguration;
			baseConfigurationReference = 3AF912306A051A0A70BF6C2A /* Pods-DDMusicFMUITests.debug.xcconfig */;
			buildSettings = {
				ALWAYS_EMBED_SWIFT_STANDARD_LIBRARIES = YES;
				DEVELOPMENT_TEAM = U2GMQZ26A8;
				INFOPLIST_FILE = DDMusicFMUITests/Info.plist;
				LD_RUNPATH_SEARCH_PATHS = "$(inherited) @executable_path/Frameworks @loader_path/Frameworks";
				PRODUCT_BUNDLE_IDENTIFIER = com.wuyezhiguhun.DDMusicFMUITests;
				PRODUCT_NAME = "$(TARGET_NAME)";
				SWIFT_VERSION = 3.0;
				TEST_TARGET_NAME = DDMusicFM;
			};
			name = Debug;
		};
		6204AE531F559E7900E99E52 /* Release */ = {
			isa = XCBuildConfiguration;
			baseConfigurationReference = 9FDB80CDCBBFE365D1DD6A8D /* Pods-DDMusicFMUITests.release.xcconfig */;
			buildSettings = {
				ALWAYS_EMBED_SWIFT_STANDARD_LIBRARIES = YES;
				DEVELOPMENT_TEAM = U2GMQZ26A8;
				INFOPLIST_FILE = DDMusicFMUITests/Info.plist;
				LD_RUNPATH_SEARCH_PATHS = "$(inherited) @executable_path/Frameworks @loader_path/Frameworks";
				PRODUCT_BUNDLE_IDENTIFIER = com.wuyezhiguhun.DDMusicFMUITests;
				PRODUCT_NAME = "$(TARGET_NAME)";
				SWIFT_VERSION = 3.0;
				TEST_TARGET_NAME = DDMusicFM;
			};
			name = Release;
		};
/* End XCBuildConfiguration section */

/* Begin XCConfigurationList section */
		6204AE1E1F559E7800E99E52 /* Build configuration list for PBXProject "DDMusicFM" */ = {
			isa = XCConfigurationList;
			buildConfigurations = (
				6204AE491F559E7900E99E52 /* Debug */,
				6204AE4A1F559E7900E99E52 /* Release */,
			);
			defaultConfigurationIsVisible = 0;
			defaultConfigurationName = Release;
		};
		6204AE4B1F559E7900E99E52 /* Build configuration list for PBXNativeTarget "DDMusicFM" */ = {
			isa = XCConfigurationList;
			buildConfigurations = (
				6204AE4C1F559E7900E99E52 /* Debug */,
				6204AE4D1F559E7900E99E52 /* Release */,
			);
			defaultConfigurationIsVisible = 0;
			defaultConfigurationName = Release;
		};
		6204AE4E1F559E7900E99E52 /* Build configuration list for PBXNativeTarget "DDMusicFMTests" */ = {
			isa = XCConfigurationList;
			buildConfigurations = (
				6204AE4F1F559E7900E99E52 /* Debug */,
				6204AE501F559E7900E99E52 /* Release */,
			);
			defaultConfigurationIsVisible = 0;
			defaultConfigurationName = Release;
		};
		6204AE511F559E7900E99E52 /* Build configuration list for PBXNativeTarget "DDMusicFMUITests" */ = {
			isa = XCConfigurationList;
			buildConfigurations = (
				6204AE521F559E7900E99E52 /* Debug */,
				6204AE531F559E7900E99E52 /* Release */,
			);
			defaultConfigurationIsVisible = 0;
			defaultConfigurationName = Release;
		};
/* End XCConfigurationList section */
	};
	rootObject = 6204AE1B1F559E7800E99E52 /* Project object */;
}
